// !$*UTF8*$!
{
	archiveVersion = 1;
	classes = {
	};
	objectVersion = 77;
	objects = {

/* Begin PBXBuildFile section */
		C38835ECDFE40EDCB848709D /* Pods_DigimonCard.framework in Frameworks */ = {isa = PBXBuildFile; fileRef = 9951A0E766137A9E13AFCE31 /* Pods_DigimonCard.framework */; };
/* End PBXBuildFile section */

/* Begin PBXContainerItemProxy section */
		C5DC032A2F33CD870041F441 /* PBXContainerItemProxy */ = {
			isa = PBXContainerItemProxy;
			containerPortal = C5DC030B2F33CD850041F441 /* Project object */;
			proxyType = 1;
			remoteGlobalIDString = C5DC03122F33CD850041F441;
			remoteInfo = DigimonCard;
		};
		C5DC03342F33CD870041F441 /* PBXContainerItemProxy */ = {
			isa = PBXContainerItemProxy;
			containerPortal = C5DC030B2F33CD850041F441 /* Project object */;
			proxyType = 1;
			remoteGlobalIDString = C5DC03122F33CD850041F441;
			remoteInfo = DigimonCard;
		};
/* End PBXContainerItemProxy section */

/* Begin PBXFileReference section */
		04AEA190E11A65D0FF910FE3 /* Pods-DigimonCard.debug.xcconfig */ = {isa = PBXFileReference; includeInIndex = 1; lastKnownFileType = text.xcconfig; name = "Pods-DigimonCard.debug.xcconfig"; path = "Target Support Files/Pods-DigimonCard/Pods-DigimonCard.debug.xcconfig"; sourceTree = "<group>"; };
		95883A05394F3B9F1E368138 /* Pods-DigimonCard.release.xcconfig */ = {isa = PBXFileReference; includeInIndex = 1; lastKnownFileType = text.xcconfig; name = "Pods-DigimonCard.release.xcconfig"; path = "Target Support Files/Pods-DigimonCard/Pods-DigimonCard.release.xcconfig"; sourceTree = "<group>"; };
		9951A0E766137A9E13AFCE31 /* Pods_DigimonCard.framework */ = {isa = PBXFileReference; explicitFileType = wrapper.framework; includeInIndex = 0; path = Pods_DigimonCard.framework; sourceTree = BUILT_PRODUCTS_DIR; };
		C5DC03132F33CD850041F441 /* DigimonCard.app */ = {isa = PBXFileReference; explicitFileType = wrapper.application; includeInIndex = 0; path = DigimonCard.app; sourceTree = BUILT_PRODUCTS_DIR; };
		C5DC03292F33CD870041F441 /* DigimonCardTests.xctest */ = {isa = PBXFileReference; explicitFileType = wrapper.cfbundle; includeInIndex = 0; path = DigimonCardTests.xctest; sourceTree = BUILT_PRODUCTS_DIR; };
		C5DC03332F33CD870041F441 /* DigimonCardUITests.xctest */ = {isa = PBXFileReference; explicitFileType = wrapper.cfbundle; includeInIndex = 0; path = DigimonCardUITests.xctest; sourceTree = BUILT_PRODUCTS_DIR; };
/* End PBXFileReference section */

/* Begin PBXFileSystemSynchronizedBuildFileExceptionSet section */
		C5DC033B2F33CD870041F441 /* Exceptions for "DigimonCard" folder in "DigimonCard" target */ = {
			isa = PBXFileSystemSynchronizedBuildFileExceptionSet;
			membershipExceptions = (
				Resources/Info.plist,
			);
			target = C5DC03122F33CD850041F441 /* DigimonCard */;
		};
/* End PBXFileSystemSynchronizedBuildFileExceptionSet section */

/* Begin PBXFileSystemSynchronizedRootGroup section */
		C5DC03152F33CD850041F441 /* DigimonCard */ = {
			isa = PBXFileSystemSynchronizedRootGroup;
			exceptions = (
				C5DC033B2F33CD870041F441 /* Exceptions for "DigimonCard" folder in "DigimonCard" target */,
			);
			path = DigimonCard;
			sourceTree = "<group>";
		};
		C5DC032C2F33CD870041F441 /* DigimonCardTests */ = {
			isa = PBXFileSystemSynchronizedRootGroup;
			path = DigimonCardTests;
			sourceTree = "<group>";
		};
		C5DC03362F33CD870041F441 /* DigimonCardUITests */ = {
			isa = PBXFileSystemSynchronizedRootGroup;
			path = DigimonCardUITests;
			sourceTree = "<group>";
		};
/* End PBXFileSystemSynchronizedRootGroup section */

/* Begin PBXFrameworksBuildPhase section */
		C5DC03102F33CD850041F441 /* Frameworks */ = {
			isa = PBXFrameworksBuildPhase;
			buildActionMask = 2147483647;
			files = (
				C38835ECDFE40EDCB848709D /* Pods_DigimonCard.framework in Frameworks */,
			);
			runOnlyForDeploymentPostprocessing = 0;
		};
		C5DC03262F33CD870041F441 /* Frameworks */ = {
			isa = PBXFrameworksBuildPhase;
			buildActionMask = 2147483647;
			files = (
			);
			runOnlyForDeploymentPostprocessing = 0;
		};
		C5DC03302F33CD870041F441 /* Frameworks */ = {
			isa = PBXFrameworksBuildPhase;
			buildActionMask = 2147483647;
			files = (
			);
			runOnlyForDeploymentPostprocessing = 0;
		};
/* End PBXFrameworksBuildPhase section */

/* Begin PBXGroup section */
		C5DC030A2F33CD850041F441 = {
			isa = PBXGroup;
			children = (
				C5DC03152F33CD850041F441 /* DigimonCard */,
				C5DC032C2F33CD870041F441 /* DigimonCardTests */,
				C5DC03362F33CD870041F441 /* DigimonCardUITests */,
				C5DC03142F33CD850041F441 /* Products */,
				DF019BE91E6F4555F09D24C4 /* Pods */,
				EA0E2EB326BC6E4CC1B2F9A7 /* Frameworks */,
			);
			sourceTree = "<group>";
		};
		C5DC03142F33CD850041F441 /* Products */ = {
			isa = PBXGroup;
			children = (
				C5DC03132F33CD850041F441 /* DigimonCard.app */,
				C5DC03292F33CD870041F441 /* DigimonCardTests.xctest */,
				C5DC03332F33CD870041F441 /* DigimonCardUITests.xctest */,
			);
			name = Products;
			sourceTree = "<group>";
		};
		DF019BE91E6F4555F09D24C4 /* Pods */ = {
			isa = PBXGroup;
			children = (
				04AEA190E11A65D0FF910FE3 /* Pods-DigimonCard.debug.xcconfig */,
				95883A05394F3B9F1E368138 /* Pods-DigimonCard.release.xcconfig */,
			);
			path = Pods;
			sourceTree = "<group>";
		};
		EA0E2EB326BC6E4CC1B2F9A7 /* Frameworks */ = {
			isa = PBXGroup;
			children = (
				9951A0E766137A9E13AFCE31 /* Pods_DigimonCard.framework */,
			);
			name = Frameworks;
			sourceTree = "<group>";
		};
/* End PBXGroup section */

/* Begin PBXNativeTarget section */
		C5DC03122F33CD850041F441 /* DigimonCard */ = {
			isa = PBXNativeTarget;
			buildConfigurationList = C5DC033C2F33CD870041F441 /* Build configuration list for PBXNativeTarget "DigimonCard" */;
			buildPhases = (
				535CBC06282437C4DBD44880 /* [CP] Check Pods Manifest.lock */,
				C5DC030F2F33CD850041F441 /* Sources */,
				C5DC03102F33CD850041F441 /* Frameworks */,
				C5DC03112F33CD850041F441 /* Resources */,
				8479232AAF379EEBE8197134 /* [CP] Copy Pods Resources */,
			);
			buildRules = (
			);
			dependencies = (
			);
			fileSystemSynchronizedGroups = (
				C5DC03152F33CD850041F441 /* DigimonCard */,
			);
			name = DigimonCard;
			productName = DigimonCard;
			productReference = C5DC03132F33CD850041F441 /* DigimonCard.app */;
			productType = "com.apple.product-type.application";
		};
		C5DC03282F33CD870041F441 /* DigimonCardTests */ = {
			isa = PBXNativeTarget;
			buildConfigurationList = C5DC03412F33CD870041F441 /* Build configuration list for PBXNativeTarget "DigimonCardTests" */;
			buildPhases = (
				C5DC03252F33CD870041F441 /* Sources */,
				C5DC03262F33CD870041F441 /* Frameworks */,
				C5DC03272F33CD870041F441 /* Resources */,
			);
			buildRules = (
			);
			dependencies = (
				C5DC032B2F33CD870041F441 /* PBXTargetDependency */,
			);
			fileSystemSynchronizedGroups = (
				C5DC032C2F33CD870041F441 /* DigimonCardTests */,
			);
			name = DigimonCardTests;
			productName = DigimonCardTests;
			productReference = C5DC03292F33CD870041F441 /* DigimonCardTests.xctest */;
			productType = "com.apple.product-type.bundle.unit-test";
		};
		C5DC03322F33CD870041F441 /* DigimonCardUITests */ = {
			isa = PBXNativeTarget;
			buildConfigurationList = C5DC03442F33CD870041F441 /* Build configuration list for PBXNativeTarget "DigimonCardUITests" */;
			buildPhases = (
				C5DC032F2F33CD870041F441 /* Sources */,
				C5DC03302F33CD870041F441 /* Frameworks */,
				C5DC03312F33CD870041F441 /* Resources */,
			);
			buildRules = (
			);
			dependencies = (
				C5DC03352F33CD870041F441 /* PBXTargetDependency */,
			);
			fileSystemSynchronizedGroups = (
				C5DC03362F33CD870041F441 /* DigimonCardUITests */,
			);
			name = DigimonCardUITests;
			productName = DigimonCardUITests;
			productReference = C5DC03332F33CD870041F441 /* DigimonCardUITests.xctest */;
			productType = "com.apple.product-type.bundle.ui-testing";
		};
/* End PBXNativeTarget section */

/* Begin PBXProject section */
		C5DC030B2F33CD850041F441 /* Project object */ = {
			isa = PBXProject;
			attributes = {
				BuildIndependentTargetsInParallel = 1;
				LastSwiftUpdateCheck = 2620;
				LastUpgradeCheck = 2620;
				TargetAttributes = {
					C5DC03122F33CD850041F441 = {
						CreatedOnToolsVersion = 26.2;
					};
					C5DC03282F33CD870041F441 = {
						CreatedOnToolsVersion = 26.2;
						TestTargetID = C5DC03122F33CD850041F441;
					};
					C5DC03322F33CD870041F441 = {
						CreatedOnToolsVersion = 26.2;
						TestTargetID = C5DC03122F33CD850041F441;
					};
				};
			};
			buildConfigurationList = C5DC030E2F33CD850041F441 /* Build configuration list for PBXProject "DigimonCard" */;
			developmentRegion = en;
			hasScannedForEncodings = 0;
			knownRegions = (
				en,
				Base,
			);
			mainGroup = C5DC030A2F33CD850041F441;
			minimizedProjectReferenceProxies = 1;
			preferredProjectObjectVersion = 77;
			productRefGroup = C5DC03142F33CD850041F441 /* Products */;
			projectDirPath = "";
			projectRoot = "";
			targets = (
				C5DC03122F33CD850041F441 /* DigimonCard */,
				C5DC03282F33CD870041F441 /* DigimonCardTests */,
				C5DC03322F33CD870041F441 /* DigimonCardUITests */,
			);
		};
/* End PBXProject section */

/* Begin PBXResourcesBuildPhase section */
		C5DC03112F33CD850041F441 /* Resources */ = {
			isa = PBXResourcesBuildPhase;
			buildActionMask = 2147483647;
			files = (
			);
			runOnlyForDeploymentPostprocessing = 0;
		};
		C5DC03272F33CD870041F441 /* Resources */ = {
			isa = PBXResourcesBuildPhase;
			buildActionMask = 2147483647;
			files = (
			);
			runOnlyForDeploymentPostprocessing = 0;
		};
		C5DC03312F33CD870041F441 /* Resources */ = {
			isa = PBXResourcesBuildPhase;
			buildActionMask = 2147483647;
			files = (
			);
			runOnlyForDeploymentPostprocessing = 0;
		};
/* End PBXResourcesBuildPhase section */

/* Begin PBXShellScriptBuildPhase section */
		535CBC06282437C4DBD44880 /* [CP] Check Pods Manifest.lock */ = {
			isa = PBXShellScriptBuildPhase;
			buildActionMask = 2147483647;
			files = (
			);
			inputFileListPaths = (
			);
			inputPaths = (
				"${PODS_PODFILE_DIR_PATH}/Podfile.lock",
				"${PODS_ROOT}/Manifest.lock",
			);
			name = "[CP] Check Pods Manifest.lock";
			outputFileListPaths = (
			);
			outputPaths = (
				"$(DERIVED_FILE_DIR)/Pods-DigimonCard-checkManifestLockResult.txt",
			);
			runOnlyForDeploymentPostprocessing = 0;
			shellPath = /bin/sh;
			shellScript = "diff \"${PODS_PODFILE_DIR_PATH}/Podfile.lock\" \"${PODS_ROOT}/Manifest.lock\" > /dev/null\nif [ $? != 0 ] ; then\n    # print error to STDERR\n    echo \"error: The sandbox is not in sync with the Podfile.lock. Run 'pod install' or update your CocoaPods installation.\" >&2\n    exit 1\nfi\n# This output is used by Xcode 'outputs' to avoid re-running this script phase.\necho \"SUCCESS\" > \"${SCRIPT_OUTPUT_FILE_0}\"\n";
			showEnvVarsInLog = 0;
		};
		8479232AAF379EEBE8197134 /* [CP] Copy Pods Resources */ = {
			isa = PBXShellScriptBuildPhase;
			buildActionMask = 2147483647;
			files = (
			);
			inputFileListPaths = (
				"${PODS_ROOT}/Target Support Files/Pods-DigimonCard/Pods-DigimonCard-resources-${CONFIGURATION}-input-files.xcfilelist",
			);
			inputPaths = (
			);
			name = "[CP] Copy Pods Resources";
			outputFileListPaths = (
				"${PODS_ROOT}/Target Support Files/Pods-DigimonCard/Pods-DigimonCard-resources-${CONFIGURATION}-output-files.xcfilelist",
			);
			outputPaths = (
			);
			runOnlyForDeploymentPostprocessing = 0;
			shellPath = /bin/sh;
			shellScript = "\"${PODS_ROOT}/Target Support Files/Pods-DigimonCard/Pods-DigimonCard-resources.sh\"\n";
			showEnvVarsInLog = 0;
		};
/* End PBXShellScriptBuildPhase section */

/* Begin PBXSourcesBuildPhase section */
		C5DC030F2F33CD850041F441 /* Sources */ = {
			isa = PBXSourcesBuildPhase;
			buildActionMask = 2147483647;
			files = (
			);
			runOnlyForDeploymentPostprocessing = 0;
		};
		C5DC03252F33CD870041F441 /* Sources */ = {
			isa = PBXSourcesBuildPhase;
			buildActionMask = 2147483647;
			files = (
			);
			runOnlyForDeploymentPostprocessing = 0;
		};
		C5DC032F2F33CD870041F441 /* Sources */ = {
			isa = PBXSourcesBuildPhase;
			buildActionMask = 2147483647;
			files = (
			);
			runOnlyForDeploymentPostprocessing = 0;
		};
/* End PBXSourcesBuildPhase section */

/* Begin PBXTargetDependency section */
		C5DC032B2F33CD870041F441 /* PBXTargetDependency */ = {
			isa = PBXTargetDependency;
			target = C5DC03122F33CD850041F441 /* DigimonCard */;
			targetProxy = C5DC032A2F33CD870041F441 /* PBXContainerItemProxy */;
		};
		C5DC03352F33CD870041F441 /* PBXTargetDependency */ = {
			isa = PBXTargetDependency;
			target = C5DC03122F33CD850041F441 /* DigimonCard */;
			targetProxy = C5DC03342F33CD870041F441 /* PBXContainerItemProxy */;
		};
/* End PBXTargetDependency section */

/* Begin XCBuildConfiguration section */
		C5DC033D2F33CD870041F441 /* Debug */ = {
			isa = XCBuildConfiguration;
			baseConfigurationReference = 04AEA190E11A65D0FF910FE3 /* Pods-DigimonCard.debug.xcconfig */;
			buildSettings = {
				ASSETCATALOG_COMPILER_APPICON_NAME = AppIcon;
				ASSETCATALOG_COMPILER_GLOBAL_ACCENT_COLOR_NAME = AccentColor;
				CODE_SIGN_STYLE = Automatic;
				CURRENT_PROJECT_VERSION = 1;
				ENABLE_USER_SCRIPT_SANDBOXING = NO;
				GENERATE_INFOPLIST_FILE = YES;
				INFOPLIST_FILE = DigimonCard/Resources/Info.plist;
				INFOPLIST_KEY_UIApplicationSupportsIndirectInputEvents = YES;
				INFOPLIST_KEY_UILaunchStoryboardName = LaunchScreen;
				INFOPLIST_KEY_UIMainStoryboardFile = Main;
				INFOPLIST_KEY_UISupportedInterfaceOrientations_iPad = "UIInterfaceOrientationPortrait UIInterfaceOrientationPortraitUpsideDown UIInterfaceOrientationLandscapeLeft UIInterfaceOrientationLandscapeRight";
				INFOPLIST_KEY_UISupportedInterfaceOrientations_iPhone = "UIInterfaceOrientationPortrait UIInterfaceOrientationLandscapeLeft UIInterfaceOrientationLandscapeRight";
				LD_RUNPATH_SEARCH_PATHS = (
					"$(inherited)",
					"@executable_path/Frameworks",
				);
				MARKETING_VERSION = 1.0;
				PRODUCT_BUNDLE_IDENTIFIER = com.agil.DigimonCard;
				PRODUCT_NAME = "$(TARGET_NAME)";
				STRING_CATALOG_GENERATE_SYMBOLS = YES;
				SWIFT_APPROACHABLE_CONCURRENCY = YES;
				SWIFT_DEFAULT_ACTOR_ISOLATION = MainActor;
				SWIFT_EMIT_LOC_STRINGS = YES;
				SWIFT_UPCOMING_FEATURE_MEMBER_IMPORT_VISIBILITY = YES;
				SWIFT_VERSION = 5.0;
				TARGETED_DEVICE_FAMILY = "1,2";
			};
			name = Debug;
		};
		C5DC033E2F33CD870041F441 /* Release */ = {
			isa = XCBuildConfiguration;
			baseConfigurationReference = 95883A05394F3B9F1E368138 /* Pods-DigimonCard.release.xcconfig */;
			buildSettings = {
				ASSETCATALOG_COMPILER_APPICON_NAME = AppIcon;
				ASSETCATALOG_COMPILER_GLOBAL_ACCENT_COLOR_NAME = AccentColor;
				CODE_SIGN_STYLE = Automatic;
				CURRENT_PROJECT_VERSION = 1;
				ENABLE_USER_SCRIPT_SANDBOXING = NO;
				GENERATE_INFOPLIST_FILE = YES;
				INFOPLIST_FILE = DigimonCard/Resources/Info.plist;
				INFOPLIST_KEY_UIApplicationSupportsIndirectInputEvents = YES;
				INFOPLIST_KEY_UILaunchStoryboardName = LaunchScreen;
				INFOPLIST_KEY_UIMainStoryboardFile = Main;
				INFOPLIST_KEY_UISupportedInterfaceOrientations_iPad = "UIInterfaceOrientationPortrait UIInterfaceOrientationPortraitUpsideDown UIInterfaceOrientationLandscapeLeft UIInterfaceOrientationLandscapeRight";
				INFOPLIST_KEY_UISupportedInterfaceOrientations_iPhone = "UIInterfaceOrientationPortrait UIInterfaceOrientationLandscapeLeft UIInterfaceOrientationLandscapeRight";
				LD_RUNPATH_SEARCH_PATHS = (
					"$(inherited)",
					"@executable_path/Frameworks",
				);
				MARKETING_VERSION = 1.0;
				PRODUCT_BUNDLE_IDENTIFIER = com.agil.DigimonCard;
				PRODUCT_NAME = "$(TARGET_NAME)";
				STRING_CATALOG_GENERATE_SYMBOLS = YES;
				SWIFT_APPROACHABLE_CONCURRENCY = YES;
				SWIFT_DEFAULT_ACTOR_ISOLATION = MainActor;
				SWIFT_EMIT_LOC_STRINGS = YES;
				SWIFT_UPCOMING_FEATURE_MEMBER_IMPORT_VISIBILITY = YES;
				SWIFT_VERSION = 5.0;
				TARGETED_DEVICE_FAMILY = "1,2";
			};
			name = Release;
		};
		C5DC033F2F33CD870041F441 /* Debug */ = {
			isa = XCBuildConfiguration;
			buildSettings = {
				ALWAYS_SEARCH_USER_PATHS = NO;
				ASSETCATALOG_COMPILER_GENERATE_SWIFT_ASSET_SYMBOL_EXTENSIONS = YES;
				CLANG_ANALYZER_NONNULL = YES;
				CLANG_ANALYZER_NUMBER_OBJECT_CONVERSION = YES_AGGRESSIVE;
				CLANG_CXX_LANGUAGE_STANDARD = "gnu++20";
				CLANG_ENABLE_MODULES = YES;
				CLANG_ENABLE_OBJC_ARC = YES;
				CLANG_ENABLE_OBJC_WEAK = YES;
				CLANG_WARN_BLOCK_CAPTURE_AUTORELEASING = YES;
				CLANG_WARN_BOOL_CONVERSION = YES;
				CLANG_WARN_COMMA = YES;
				CLANG_WARN_CONSTANT_CONVERSION = YES;
				CLANG_WARN_DEPRECATED_OBJC_IMPLEMENTATIONS = YES;
				CLANG_WARN_DIRECT_OBJC_ISA_USAGE = YES_ERROR;
				CLANG_WARN_DOCUMENTATION_COMMENTS = YES;
				CLANG_WARN_EMPTY_BODY = YES;
				CLANG_WARN_ENUM_CONVERSION = YES;
				CLANG_WARN_INFINITE_RECURSION = YES;
				CLANG_WARN_INT_CONVERSION = YES;
				CLANG_WARN_NON_LITERAL_NULL_CONVERSION = YES;
				CLANG_WARN_OBJC_IMPLICIT_RETAIN_SELF = YES;
				CLANG_WARN_OBJC_LITERAL_CONVERSION = YES;
				CLANG_WARN_OBJC_ROOT_CLASS = YES_ERROR;
				CLANG_WARN_QUOTED_INCLUDE_IN_FRAMEWORK_HEADER = YES;
				CLANG_WARN_RANGE_LOOP_ANALYSIS = YES;
				CLANG_WARN_STRICT_PROTOTYPES = YES;
				CLANG_WARN_SUSPICIOUS_MOVE = YES;
				CLANG_WARN_UNGUARDED_AVAILABILITY = YES_AGGRESSIVE;
				CLANG_WARN_UNREACHABLE_CODE = YES;
				CLANG_WARN__DUPLICATE_METHOD_MATCH = YES;
				COPY_PHASE_STRIP = NO;
				DEBUG_INFORMATION_FORMAT = dwarf;
				ENABLE_STRICT_OBJC_MSGSEND = YES;
				ENABLE_TESTABILITY = YES;
				ENABLE_USER_SCRIPT_SANDBOXING = YES;
				GCC_C_LANGUAGE_STANDARD = gnu17;
				GCC_DYNAMIC_NO_PIC = NO;
				GCC_NO_COMMON_BLOCKS = YES;
				GCC_OPTIMIZATION_LEVEL = 0;
				GCC_PREPROCESSOR_DEFINITIONS = (
					"DEBUG=1",
					"$(inherited)",
				);
				GCC_WARN_64_TO_32_BIT_CONVERSION = YES;
				GCC_WARN_ABOUT_RETURN_TYPE = YES_ERROR;
				GCC_WARN_UNDECLARED_SELECTOR = YES;
				GCC_WARN_UNINITIALIZED_AUTOS = YES_AGGRESSIVE;
				GCC_WARN_UNUSED_FUNCTION = YES;
				GCC_WARN_UNUSED_VARIABLE = YES;
				IPHONEOS_DEPLOYMENT_TARGET = 26.2;
				LOCALIZATION_PREFERS_STRING_CATALOGS = YES;
				MTL_ENABLE_DEBUG_INFO = INCLUDE_SOURCE;
				MTL_FAST_MATH = YES;
				ONLY_ACTIVE_ARCH = YES;
				SDKROOT = iphoneos;
				SWIFT_ACTIVE_COMPILATION_CONDITIONS = "DEBUG $(inherited)";
				SWIFT_OPTIMIZATION_LEVEL = "-Onone";
			};
			name = Debug;
		};
		C5DC03402F33CD870041F441 /* Release */ = {
			isa = XCBuildConfiguration;
			buildSettings = {
				ALWAYS_SEARCH_USER_PATHS = NO;
				ASSETCATALOG_COMPILER_GENERATE_SWIFT_ASSET_SYMBOL_EXTENSIONS = YES;
				CLANG_ANALYZER_NONNULL = YES;
				CLANG_ANALYZER_NUMBER_OBJECT_CONVERSION = YES_AGGRESSIVE;
				CLANG_CXX_LANGUAGE_STANDARD = "gnu++20";
				CLANG_ENABLE_MODULES = YES;
				CLANG_ENABLE_OBJC_ARC = YES;
				CLANG_ENABLE_OBJC_WEAK = YES;
				CLANG_WARN_BLOCK_CAPTURE_AUTORELEASING = YES;
				CLANG_WARN_BOOL_CONVERSION = YES;
				CLANG_WARN_COMMA = YES;
				CLANG_WARN_CONSTANT_CONVERSION = YES;
				CLANG_WARN_DEPRECATED_OBJC_IMPLEMENTATIONS = YES;
				CLANG_WARN_DIRECT_OBJC_ISA_USAGE = YES_ERROR;
				CLANG_WARN_DOCUMENTATION_COMMENTS = YES;
				CLANG_WARN_EMPTY_BODY = YES;
				CLANG_WARN_ENUM_CONVERSION = YES;
				CLANG_WARN_INFINITE_RECURSION = YES;
				CLANG_WARN_INT_CONVERSION = YES;
				CLANG_WARN_NON_LITERAL_NULL_CONVERSION = YES;
				CLANG_WARN_OBJC_IMPLICIT_RETAIN_SELF = YES;
				CLANG_WARN_OBJC_LITERAL_CONVERSION = YES;
				CLANG_WARN_OBJC_ROOT_CLASS = YES_ERROR;
				CLANG_WARN_QUOTED_INCLUDE_IN_FRAMEWORK_HEADER = YES;
				CLANG_WARN_RANGE_LOOP_ANALYSIS = YES;
				CLANG_WARN_STRICT_PROTOTYPES = YES;
				CLANG_WARN_SUSPICIOUS_MOVE = YES;
				CLANG_WARN_UNGUARDED_AVAILABILITY = YES_AGGRESSIVE;
				CLANG_WARN_UNREACHABLE_CODE = YES;
				CLANG_WARN__DUPLICATE_METHOD_MATCH = YES;
				COPY_PHASE_STRIP = NO;
				DEBUG_INFORMATION_FORMAT = "dwarf-with-dsym";
				ENABLE_NS_ASSERTIONS = NO;
				ENABLE_STRICT_OBJC_MSGSEND = YES;
				ENABLE_USER_SCRIPT_SANDBOXING = YES;
				GCC_C_LANGUAGE_STANDARD = gnu17;
				GCC_NO_COMMON_BLOCKS = YES;
				GCC_WARN_64_TO_32_BIT_CONVERSION = YES;
				GCC_WARN_ABOUT_RETURN_TYPE = YES_ERROR;
				GCC_WARN_UNDECLARED_SELECTOR = YES;
				GCC_WARN_UNINITIALIZED_AUTOS = YES_AGGRESSIVE;
				GCC_WARN_UNUSED_FUNCTION = YES;
				GCC_WARN_UNUSED_VARIABLE = YES;
				IPHONEOS_DEPLOYMENT_TARGET = 26.2;
				LOCALIZATION_PREFERS_STRING_CATALOGS = YES;
				MTL_ENABLE_DEBUG_INFO = NO;
				MTL_FAST_MATH = YES;
				SDKROOT = iphoneos;
				SWIFT_COMPILATION_MODE = wholemodule;
				VALIDATE_PRODUCT = YES;
			};
			name = Release;
		};
		C5DC03422F33CD870041F441 /* Debug */ = {
			isa = XCBuildConfiguration;
			buildSettings = {
				BUNDLE_LOADER = "$(TEST_HOST)";
				CODE_SIGN_STYLE = Automatic;
				CURRENT_PROJECT_VERSION = 1;
				GENERATE_INFOPLIST_FILE = YES;
				IPHONEOS_DEPLOYMENT_TARGET = 26.2;
				MARKETING_VERSION = 1.0;
				PRODUCT_BUNDLE_IDENTIFIER = com.agil.DigimonCardTests;
				PRODUCT_NAME = "$(TARGET_NAME)";
				STRING_CATALOG_GENERATE_SYMBOLS = NO;
				SWIFT_APPROACHABLE_CONCURRENCY = YES;
				SWIFT_EMIT_LOC_STRINGS = NO;
				SWIFT_UPCOMING_FEATURE_MEMBER_IMPORT_VISIBILITY = YES;
				SWIFT_VERSION = 5.0;
				TARGETED_DEVICE_FAMILY = "1,2";
				TEST_HOST = "$(BUILT_PRODUCTS_DIR)/DigimonCard.app/$(BUNDLE_EXECUTABLE_FOLDER_PATH)/DigimonCard";
			};
			name = Debug;
		};
		C5DC03432F33CD870041F441 /* Release */ = {
			isa = XCBuildConfiguration;
			buildSettings = {
				BUNDLE_LOADER = "$(TEST_HOST)";
				CODE_SIGN_STYLE = Automatic;
				CURRENT_PROJECT_VERSION = 1;
				GENERATE_INFOPLIST_FILE = YES;
				IPHONEOS_DEPLOYMENT_TARGET = 26.2;
				MARKETING_VERSION = 1.0;
				PRODUCT_BUNDLE_IDENTIFIER = com.agil.DigimonCardTests;
				PRODUCT_NAME = "$(TARGET_NAME)";
				STRING_CATALOG_GENERATE_SYMBOLS = NO;
				SWIFT_APPROACHABLE_CONCURRENCY = YES;
				SWIFT_EMIT_LOC_STRINGS = NO;
				SWIFT_UPCOMING_FEATURE_MEMBER_IMPORT_VISIBILITY = YES;
				SWIFT_VERSION = 5.0;
				TARGETED_DEVICE_FAMILY = "1,2";
				TEST_HOST = "$(BUILT_PRODUCTS_DIR)/DigimonCard.app/$(BUNDLE_EXECUTABLE_FOLDER_PATH)/DigimonCard";
			};
			name = Release;
		};
		C5DC03452F33CD870041F441 /* Debug */ = {
			isa = XCBuildConfiguration;
			buildSettings = {
				CODE_SIGN_STYLE = Automatic;
				CURRENT_PROJECT_VERSION = 1;
				GENERATE_INFOPLIST_FILE = YES;
				MARKETING_VERSION = 1.0;
				PRODUCT_BUNDLE_IDENTIFIER = com.agil.DigimonCardUITests;
				PRODUCT_NAME = "$(TARGET_NAME)";
				STRING_CATALOG_GENERATE_SYMBOLS = NO;
				SWIFT_APPROACHABLE_CONCURRENCY = YES;
				SWIFT_EMIT_LOC_STRINGS = NO;
				SWIFT_UPCOMING_FEATURE_MEMBER_IMPORT_VISIBILITY = YES;
				SWIFT_VERSION = 5.0;
				TARGETED_DEVICE_FAMILY = "1,2";
				TEST_TARGET_NAME = DigimonCard;
			};
			name = Debug;
		};
		C5DC03462F33CD870041F441 /* Release */ = {
			isa = XCBuildConfiguration;
			buildSettings = {
				CODE_SIGN_STYLE = Automatic;
				CURRENT_PROJECT_VERSION = 1;
				GENERATE_INFOPLIST_FILE = YES;
				MARKETING_VERSION = 1.0;
				PRODUCT_BUNDLE_IDENTIFIER = com.agil.DigimonCardUITests;
				PRODUCT_NAME = "$(TARGET_NAME)";
				STRING_CATALOG_GENERATE_SYMBOLS = NO;
				SWIFT_APPROACHABLE_CONCURRENCY = YES;
				SWIFT_EMIT_LOC_STRINGS = NO;
				SWIFT_UPCOMING_FEATURE_MEMBER_IMPORT_VISIBILITY = YES;
				SWIFT_VERSION = 5.0;
				TARGETED_DEVICE_FAMILY = "1,2";
				TEST_TARGET_NAME = DigimonCard;
			};
			name = Release;
		};
/* End XCBuildConfiguration section */

/* Begin XCConfigurationList section */
		C5DC030E2F33CD850041F441 /* Build configuration list for PBXProject "DigimonCard" */ = {
			isa = XCConfigurationList;
			buildConfigurations = (
				C5DC033F2F33CD870041F441 /* Debug */,
				C5DC03402F33CD870041F441 /* Release */,
			);
			defaultConfigurationIsVisible = 0;
			defaultConfigurationName = Release;
		};
		C5DC033C2F33CD870041F441 /* Build configuration list for PBXNativeTarget "DigimonCard" */ = {
			isa = XCConfigurationList;
			buildConfigurations = (
				C5DC033D2F33CD870041F441 /* Debug */,
				C5DC033E2F33CD870041F441 /* Release */,
			);
			defaultConfigurationIsVisible = 0;
			defaultConfigurationName = Release;
		};
		C5DC03412F33CD870041F441 /* Build configuration list for PBXNativeTarget "DigimonCardTests" */ = {
			isa = XCConfigurationList;
			buildConfigurations = (
				C5DC03422F33CD870041F441 /* Debug */,
				C5DC03432F33CD870041F441 /* Release */,
			);
			defaultConfigurationIsVisible = 0;
			defaultConfigurationName = Release;
		};
		C5DC03442F33CD870041F441 /* Build configuration list for PBXNativeTarget "DigimonCardUITests" */ = {
			isa = XCConfigurationList;
			buildConfigurations = (
				C5DC03452F33CD870041F441 /* Debug */,
				C5DC03462F33CD870041F441 /* Release */,
			);
			defaultConfigurationIsVisible = 0;
			defaultConfigurationName = Release;
		};
/* End XCConfigurationList section */
	};
	rootObject = C5DC030B2F33CD850041F441 /* Project object */;
}
